
Microsoft Visual Studio Solution File, Format Version 12.00
# Visual Studio Version 16
VisualStudioVersion = 16.0.31402.337
MinimumVisualStudioVersion = 10.0.40219.1
Project("{FAE04EC0-301F-11D3-BF4B-00C04F79EFBC}") = "fantacalcio", "fantacalcio.csproj", "{65459F7D-0E37-4A8E-9F85-0D07E06B50C7}"
EndProject
Global
	GlobalSection(SolutionConfigurationPlatforms) = preSolution
		Debug|Any CPU = Debug|Any CPU
		Release|Any CPU = Release|Any CPU
	EndGlobalSection
	GlobalSection(ProjectConfigurationPlatforms) = postSolution
		{65459F7D-0E37-4A8E-9F85-0D07E06B50C7}.Debug|Any CPU.ActiveCfg = Debug|Any CPU
		{65459F7D-0E37-4A8E-9F85-0D07E06B50C7}.Debug|Any CPU.Build.0 = Debug|Any CPU
		{65459F7D-0E37-4A8E-9F85-0D07E06B50C7}.Release|Any CPU.ActiveCfg = Release|Any CPU
		{65459F7D-0E37-4A8E-9F85-0D07E06B50C7}.Release|Any CPU.Build.0 = Release|Any CPU
	EndGlobalSection
	GlobalSection(SolutionProperties) = preSolution
		HideSolutionNode = FALSE
	EndGlobalSection
	GlobalSection(ExtensibilityGlobals) = postSolution
		SolutionGuid = {8C8E57A6-A711-4914-A0C4-FA77A82035CC}
	EndGlobalSection
EndGlobal
